
Microsoft Visual Studio Solution File, Format Version 12.00
# Visual Studio Version 17
VisualStudioVersion = 17.0.31903.59
MinimumVisualStudioVersion = 10.0.40219.1
Project("{FAE04EC0-301F-11D3-BF4B-00C04F79EFBC}") = "Ezar_Betamart", "Ezar_Betamart\Ezar_Betamart.csproj", "{D720276E-3885-44EC-8F51-C35C83C63247}"
EndProject
Global
	GlobalSection(SolutionConfigurationPlatforms) = preSolution
		Debug|Any CPU = Debug|Any CPU
		Release|Any CPU = Release|Any CPU
	EndGlobalSection
	GlobalSection(ProjectConfigurationPlatforms) = postSolution
		{D720276E-3885-44EC-8F51-C35C83C63247}.Debug|Any CPU.ActiveCfg = Debug|Any CPU
		{D720276E-3885-44EC-8F51-C35C83C63247}.Debug|Any CPU.Build.0 = Debug|Any CPU
		{D720276E-3885-44EC-8F51-C35C83C63247}.Release|Any CPU.ActiveCfg = Release|Any CPU
		{D720276E-3885-44EC-8F51-C35C83C63247}.Release|Any CPU.Build.0 = Release|Any CPU
	EndGlobalSection
	GlobalSection(SolutionProperties) = preSolution
		HideSolutionNode = FALSE
	EndGlobalSection
	GlobalSection(ExtensibilityGlobals) = postSolution
		SolutionGuid = {67662C27-E038-4956-8044-C189D6BB0467}
	EndGlobalSection
EndGlobal
